
Microsoft Visual Studio Solution File, Format Version 12.00
# Visual Studio Version 17
VisualStudioVersion = 17.7.34202.233
MinimumVisualStudioVersion = 10.0.40219.1
Project("{9A19103F-16F7-4668-BE54-9A1E7A4F7556}") = "EQ66L2_HFT_2023241.Client", "EQ66L2_HFT_2023241.Client\EQ66L2_HFT_2023241.Client.csproj", "{FABAB4CB-6EA0-4FF3-B37C-19F4D218E180}"
EndProject
Project("{9A19103F-16F7-4668-BE54-9A1E7A4F7556}") = "EQ66L2_HFT_2023241.Models", "EQ66L2_HFT_2023241.Models\EQ66L2_HFT_2023241.Models.csproj", "{3DDA3F08-AD2D-4810-91A9-FC21300BA282}"
EndProject
Project("{9A19103F-16F7-4668-BE54-9A1E7A4F7556}") = "EQ66L2_HFT_2023241.Logic", "EQ66L2_HFT_2023241.Logic\EQ66L2_HFT_2023241.Logic.csproj", "{C85AEB56-915D-4815-B112-5CD282D4AAFB}"
EndProject
Project("{9A19103F-16F7-4668-BE54-9A1E7A4F7556}") = "EQ66L2_HFT_2023241.Repository", "EQ66L2_HFT_2023241.Repository\EQ66L2_HFT_2023241.Repository.csproj", "{420D391F-601B-4EAE-8E5F-AD15B1FC8B49}"
EndProject
Project("{9A19103F-16F7-4668-BE54-9A1E7A4F7556}") = "EQ66L2_HFT_2023241.Endpoint", "EQ66L2_HFT_2023241.Endpoint\EQ66L2_HFT_2023241.Endpoint.csproj", "{B5F4CDD6-8F9F-462C-945D-CDC6C1CB7EAB}"
EndProject
Project("{9A19103F-16F7-4668-BE54-9A1E7A4F7556}") = "EQ66L2_HFT_2023241.Test", "EQ66L2_HFT_2023241.Test\EQ66L2_HFT_2023241.Test.csproj", "{7A7BC59F-40B3-4139-B3D5-96CE845C0B4F}"
EndProject
Project("{2150E333-8FDC-42A3-9474-1A3956D46DE8}") = "Backend", "Backend", "{87116DB3-7F5B-4FF4-AAF5-A46786FBEED3}"
EndProject
Project("{2150E333-8FDC-42A3-9474-1A3956D46DE8}") = "Frontend", "Frontend", "{785556AB-4650-46F1-B7FD-FB3817A73532}"
EndProject
Project("{2150E333-8FDC-42A3-9474-1A3956D46DE8}") = "Shared", "Shared", "{8535B5EF-E0A0-4F43-A4BE-05713F577AE9}"
EndProject
Global
	GlobalSection(SolutionConfigurationPlatforms) = preSolution
		Debug|Any CPU = Debug|Any CPU
		Release|Any CPU = Release|Any CPU
	EndGlobalSection
	GlobalSection(ProjectConfigurationPlatforms) = postSolution
		{FABAB4CB-6EA0-4FF3-B37C-19F4D218E180}.Debug|Any CPU.ActiveCfg = Debug|Any CPU
		{FABAB4CB-6EA0-4FF3-B37C-19F4D218E180}.Debug|Any CPU.Build.0 = Debug|Any CPU
		{FABAB4CB-6EA0-4FF3-B37C-19F4D218E180}.Release|Any CPU.ActiveCfg = Release|Any CPU
		{FABAB4CB-6EA0-4FF3-B37C-19F4D218E180}.Release|Any CPU.Build.0 = Release|Any CPU
		{3DDA3F08-AD2D-4810-91A9-FC21300BA282}.Debug|Any CPU.ActiveCfg = Debug|Any CPU
		{3DDA3F08-AD2D-4810-91A9-FC21300BA282}.Debug|Any CPU.Build.0 = Debug|Any CPU
		{3DDA3F08-AD2D-4810-91A9-FC21300BA282}.Release|Any CPU.ActiveCfg = Release|Any CPU
		{3DDA3F08-AD2D-4810-91A9-FC21300BA282}.Release|Any CPU.Build.0 = Release|Any CPU
		{C85AEB56-915D-4815-B112-5CD282D4AAFB}.Debug|Any CPU.ActiveCfg = Debug|Any CPU
		{C85AEB56-915D-4815-B112-5CD282D4AAFB}.Debug|Any CPU.Build.0 = Debug|Any CPU
		{C85AEB56-915D-4815-B112-5CD282D4AAFB}.Release|Any CPU.ActiveCfg = Release|Any CPU
		{C85AEB56-915D-4815-B112-5CD282D4AAFB}.Release|Any CPU.Build.0 = Release|Any CPU
		{420D391F-601B-4EAE-8E5F-AD15B1FC8B49}.Debug|Any CPU.ActiveCfg = Debug|Any CPU
		{420D391F-601B-4EAE-8E5F-AD15B1FC8B49}.Debug|Any CPU.Build.0 = Debug|Any CPU
		{420D391F-601B-4EAE-8E5F-AD15B1FC8B49}.Release|Any CPU.ActiveCfg = Release|Any CPU
		{420D391F-601B-4EAE-8E5F-AD15B1FC8B49}.Release|Any CPU.Build.0 = Release|Any CPU
		{B5F4CDD6-8F9F-462C-945D-CDC6C1CB7EAB}.Debug|Any CPU.ActiveCfg = Debug|Any CPU
		{B5F4CDD6-8F9F-462C-945D-CDC6C1CB7EAB}.Debug|Any CPU.Build.0 = Debug|Any CPU
		{B5F4CDD6-8F9F-462C-945D-CDC6C1CB7EAB}.Release|Any CPU.ActiveCfg = Release|Any CPU
		{B5F4CDD6-8F9F-462C-945D-CDC6C1CB7EAB}.Release|Any CPU.Build.0 = Release|Any CPU
		{7A7BC59F-40B3-4139-B3D5-96CE845C0B4F}.Debug|Any CPU.ActiveCfg = Debug|Any CPU
		{7A7BC59F-40B3-4139-B3D5-96CE845C0B4F}.Debug|Any CPU.Build.0 = Debug|Any CPU
		{7A7BC59F-40B3-4139-B3D5-96CE845C0B4F}.Release|Any CPU.ActiveCfg = Release|Any CPU
		{7A7BC59F-40B3-4139-B3D5-96CE845C0B4F}.Release|Any CPU.Build.0 = Release|Any CPU
	EndGlobalSection
	GlobalSection(SolutionProperties) = preSolution
		HideSolutionNode = FALSE
	EndGlobalSection
	GlobalSection(NestedProjects) = preSolution
		{FABAB4CB-6EA0-4FF3-B37C-19F4D218E180} = {785556AB-4650-46F1-B7FD-FB3817A73532}
		{3DDA3F08-AD2D-4810-91A9-FC21300BA282} = {8535B5EF-E0A0-4F43-A4BE-05713F577AE9}
		{C85AEB56-915D-4815-B112-5CD282D4AAFB} = {87116DB3-7F5B-4FF4-AAF5-A46786FBEED3}
		{420D391F-601B-4EAE-8E5F-AD15B1FC8B49} = {87116DB3-7F5B-4FF4-AAF5-A46786FBEED3}
		{B5F4CDD6-8F9F-462C-945D-CDC6C1CB7EAB} = {87116DB3-7F5B-4FF4-AAF5-A46786FBEED3}
		{7A7BC59F-40B3-4139-B3D5-96CE845C0B4F} = {87116DB3-7F5B-4FF4-AAF5-A46786FBEED3}
	EndGlobalSection
	GlobalSection(ExtensibilityGlobals) = postSolution
		SolutionGuid = {F9BAF331-6C14-4D75-9F28-9659BC997607}
	EndGlobalSection
EndGlobal
